
Microsoft Visual Studio Solution File, Format Version 12.00
# Visual Studio Version 16
VisualStudioVersion = 16.0.32228.343
MinimumVisualStudioVersion = 10.0.40219.1
Project("{FAE04EC0-301F-11D3-BF4B-00C04F79EFBC}") = "Pipool", "Pipool\Pipool.csproj", "{4477FFCF-ADD8-4CB5-92E1-A245212AFEB2}"
EndProject
Global
	GlobalSection(SolutionConfigurationPlatforms) = preSolution
		Debug|Any CPU = Debug|Any CPU
		Release|Any CPU = Release|Any CPU
	EndGlobalSection
	GlobalSection(ProjectConfigurationPlatforms) = postSolution
		{4477FFCF-ADD8-4CB5-92E1-A245212AFEB2}.Debug|Any CPU.ActiveCfg = Debug|Any CPU
		{4477FFCF-ADD8-4CB5-92E1-A245212AFEB2}.Debug|Any CPU.Build.0 = Debug|Any CPU
		{4477FFCF-ADD8-4CB5-92E1-A245212AFEB2}.Release|Any CPU.ActiveCfg = Release|Any CPU
		{4477FFCF-ADD8-4CB5-92E1-A245212AFEB2}.Release|Any CPU.Build.0 = Release|Any CPU
	EndGlobalSection
	GlobalSection(SolutionProperties) = preSolution
		HideSolutionNode = FALSE
	EndGlobalSection
	GlobalSection(ExtensibilityGlobals) = postSolution
		SolutionGuid = {856B4F12-2C6C-4F83-ABD7-94C7B1983767}
	EndGlobalSection
EndGlobal
